
Microsoft Visual Studio Solution File, Format Version 12.00
# Visual Studio Version 16
VisualStudioVersion = 16.0.33214.272
MinimumVisualStudioVersion = 10.0.40219.1
Project("{9A19103F-16F7-4668-BE54-9A1E7A4F7556}") = "UnitTest.WEB", "UnitTest.WEB\UnitTest.WEB.csproj", "{1A11FFD5-9A81-4A01-9BA9-1322561D2B01}"
EndProject
Project("{FAE04EC0-301F-11D3-BF4B-00C04F79EFBC}") = "UnitTest.Test", "UnitTest.Test\UnitTest.Test.csproj", "{C018FA1D-B69D-4331-B0EA-F39936A8B916}"
EndProject
Global
	GlobalSection(SolutionConfigurationPlatforms) = preSolution
		Debug|Any CPU = Debug|Any CPU
		Release|Any CPU = Release|Any CPU
	EndGlobalSection
	GlobalSection(ProjectConfigurationPlatforms) = postSolution
		{1A11FFD5-9A81-4A01-9BA9-1322561D2B01}.Debug|Any CPU.ActiveCfg = Debug|Any CPU
		{1A11FFD5-9A81-4A01-9BA9-1322561D2B01}.Debug|Any CPU.Build.0 = Debug|Any CPU
		{1A11FFD5-9A81-4A01-9BA9-1322561D2B01}.Release|Any CPU.ActiveCfg = Release|Any CPU
		{1A11FFD5-9A81-4A01-9BA9-1322561D2B01}.Release|Any CPU.Build.0 = Release|Any CPU
		{C018FA1D-B69D-4331-B0EA-F39936A8B916}.Debug|Any CPU.ActiveCfg = Debug|Any CPU
		{C018FA1D-B69D-4331-B0EA-F39936A8B916}.Debug|Any CPU.Build.0 = Debug|Any CPU
		{C018FA1D-B69D-4331-B0EA-F39936A8B916}.Release|Any CPU.ActiveCfg = Release|Any CPU
		{C018FA1D-B69D-4331-B0EA-F39936A8B916}.Release|Any CPU.Build.0 = Release|Any CPU
	EndGlobalSection
	GlobalSection(SolutionProperties) = preSolution
		HideSolutionNode = FALSE
	EndGlobalSection
	GlobalSection(ExtensibilityGlobals) = postSolution
		SolutionGuid = {D8B00432-E769-44D6-B96C-89644D153D2C}
	EndGlobalSection
EndGlobal
